
Microsoft Visual Studio Solution File, Format Version 12.00
# Visual Studio Version 17
VisualStudioVersion = 17.8.34309.116
MinimumVisualStudioVersion = 10.0.40219.1
Project("{9A19103F-16F7-4668-BE54-9A1E7A4F7556}") = "RTM", "RTM\RTM.csproj", "{49DF5EA7-4C44-412C-92E3-8FEA15D72448}"
EndProject
Project("{9A19103F-16F7-4668-BE54-9A1E7A4F7556}") = "RTM.Tools", "RTM.Tools\RTM.Tools.csproj", "{664881BD-59BF-4D6D-A040-FF1620E34732}"
EndProject
Project("{9A19103F-16F7-4668-BE54-9A1E7A4F7556}") = "RTM.Types", "RTM.Types\RTM.Types.csproj", "{45B7BB7A-D750-45EF-8D57-A7CDBE57509E}"
EndProject
Project("{9A19103F-16F7-4668-BE54-9A1E7A4F7556}") = "RTM.Twilio", "RTM.Twilio\RTM.Twilio.csproj", "{4E2DC54D-BC0F-464D-81EF-DB4678C58DDB}"
EndProject
Project("{FAE04EC0-301F-11D3-BF4B-00C04F79EFBC}") = "RTM.Configuration", "RTM.Configuration\RTM.Configuration.csproj", "{4F6D4E58-1D7A-453E-80D9-740CFE5F68C5}"
EndProject
Global
	GlobalSection(SolutionConfigurationPlatforms) = preSolution
		Debug|Any CPU = Debug|Any CPU
		Release|Any CPU = Release|Any CPU
	EndGlobalSection
	GlobalSection(ProjectConfigurationPlatforms) = postSolution
		{49DF5EA7-4C44-412C-92E3-8FEA15D72448}.Debug|Any CPU.ActiveCfg = Debug|Any CPU
		{49DF5EA7-4C44-412C-92E3-8FEA15D72448}.Debug|Any CPU.Build.0 = Debug|Any CPU
		{49DF5EA7-4C44-412C-92E3-8FEA15D72448}.Release|Any CPU.ActiveCfg = Release|Any CPU
		{49DF5EA7-4C44-412C-92E3-8FEA15D72448}.Release|Any CPU.Build.0 = Release|Any CPU
		{664881BD-59BF-4D6D-A040-FF1620E34732}.Debug|Any CPU.ActiveCfg = Debug|Any CPU
		{664881BD-59BF-4D6D-A040-FF1620E34732}.Debug|Any CPU.Build.0 = Debug|Any CPU
		{664881BD-59BF-4D6D-A040-FF1620E34732}.Release|Any CPU.ActiveCfg = Release|Any CPU
		{664881BD-59BF-4D6D-A040-FF1620E34732}.Release|Any CPU.Build.0 = Release|Any CPU
		{45B7BB7A-D750-45EF-8D57-A7CDBE57509E}.Debug|Any CPU.ActiveCfg = Debug|Any CPU
		{45B7BB7A-D750-45EF-8D57-A7CDBE57509E}.Debug|Any CPU.Build.0 = Debug|Any CPU
		{45B7BB7A-D750-45EF-8D57-A7CDBE57509E}.Release|Any CPU.ActiveCfg = Release|Any CPU
		{45B7BB7A-D750-45EF-8D57-A7CDBE57509E}.Release|Any CPU.Build.0 = Release|Any CPU
		{4E2DC54D-BC0F-464D-81EF-DB4678C58DDB}.Debug|Any CPU.ActiveCfg = Debug|Any CPU
		{4E2DC54D-BC0F-464D-81EF-DB4678C58DDB}.Debug|Any CPU.Build.0 = Debug|Any CPU
		{4E2DC54D-BC0F-464D-81EF-DB4678C58DDB}.Release|Any CPU.ActiveCfg = Release|Any CPU
		{4E2DC54D-BC0F-464D-81EF-DB4678C58DDB}.Release|Any CPU.Build.0 = Release|Any CPU
		{4F6D4E58-1D7A-453E-80D9-740CFE5F68C5}.Debug|Any CPU.ActiveCfg = Debug|Any CPU
		{4F6D4E58-1D7A-453E-80D9-740CFE5F68C5}.Debug|Any CPU.Build.0 = Debug|Any CPU
		{4F6D4E58-1D7A-453E-80D9-740CFE5F68C5}.Release|Any CPU.ActiveCfg = Release|Any CPU
		{4F6D4E58-1D7A-453E-80D9-740CFE5F68C5}.Release|Any CPU.Build.0 = Release|Any CPU
	EndGlobalSection
	GlobalSection(SolutionProperties) = preSolution
		HideSolutionNode = FALSE
	EndGlobalSection
	GlobalSection(ExtensibilityGlobals) = postSolution
		SolutionGuid = {7AD79318-E852-4B9D-B27C-0C9017154405}
	EndGlobalSection
EndGlobal
