
Microsoft Visual Studio Solution File, Format Version 12.00
# Visual Studio Version 17
VisualStudioVersion = 17.0.31903.59
MinimumVisualStudioVersion = 10.0.40219.1
Project("{2150E333-8FDC-42A3-9474-1A3956D46DE8}") = "src", "src", "{46630CAE-6287-4790-A992-158609583F51}"
EndProject
Project("{FAE04EC0-301F-11D3-BF4B-00C04F79EFBC}") = "CcDashboard.Domain", "src\CcDashboard.Domain\CcDashboard.Domain.csproj", "{9AEA1C02-295B-4063-A296-A809B36CD410}"
EndProject
Project("{FAE04EC0-301F-11D3-BF4B-00C04F79EFBC}") = "CcDashboard.Contracts", "src\CcDashboard.Contracts\CcDashboard.Contracts.csproj", "{DE7485EF-82E3-41D4-B1AC-910FC6C6CE6A}"
EndProject
Project("{FAE04EC0-301F-11D3-BF4B-00C04F79EFBC}") = "CcDashboard.Application", "src\CcDashboard.Application\CcDashboard.Application.csproj", "{FBE5D129-ABB2-4FB2-9B74-C815686B440B}"
EndProject
Project("{FAE04EC0-301F-11D3-BF4B-00C04F79EFBC}") = "CcDashboard.Infrastructure", "src\CcDashboard.Infrastructure\CcDashboard.Infrastructure.csproj", "{A4010E7A-3AF2-44EC-AF80-7EAA1FF26644}"
EndProject
Project("{FAE04EC0-301F-11D3-BF4B-00C04F79EFBC}") = "CcDashboard.Web", "src\CcDashboard.Web\CcDashboard.Web.csproj", "{0863D348-7C72-4E3E-AE78-9A6BEC5444B8}"
EndProject
Project("{FAE04EC0-301F-11D3-BF4B-00C04F79EFBC}") = "CcDashboard.Api", "src\CcDashboard.Api\CcDashboard.Api.csproj", "{BD1E5F9D-D7AD-448C-AD5B-41E4A9F95906}"
EndProject
Project("{2150E333-8FDC-42A3-9474-1A3956D46DE8}") = "tests", "tests", "{595657CF-9F92-4ADB-93CE-F271739390BF}"
EndProject
Project("{FAE04EC0-301F-11D3-BF4B-00C04F79EFBC}") = "CcDashboard.Tests.Unit", "tests\CcDashboard.Tests.Unit\CcDashboard.Tests.Unit.csproj", "{69090A6E-A9AB-4C92-852F-44210B040552}"
EndProject
Project("{FAE04EC0-301F-11D3-BF4B-00C04F79EFBC}") = "CcDashboard.Tests.Integration", "tests\CcDashboard.Tests.Integration\CcDashboard.Tests.Integration.csproj", "{F6C6A1EB-5080-4022-81B2-97CFBA7313B0}"
EndProject
Project("{FAE04EC0-301F-11D3-BF4B-00C04F79EFBC}") = "CcDashboard.Tests.Architecture", "tests\CcDashboard.Tests.Architecture\CcDashboard.Tests.Architecture.csproj", "{E63D4E6A-A64B-4B6A-B8B1-B77CB599B9DF}"
EndProject
Project("{FAE04EC0-301F-11D3-BF4B-00C04F79EFBC}") = "CcDashboard.Tests.Security", "tests\CcDashboard.Tests.Security\CcDashboard.Tests.Security.csproj", "{ACF1A692-1794-49CB-86FD-E8ADB655B28E}"
EndProject
Global
	GlobalSection(SolutionConfigurationPlatforms) = preSolution
		Debug|Any CPU = Debug|Any CPU
		Release|Any CPU = Release|Any CPU
	EndGlobalSection
	GlobalSection(SolutionProperties) = preSolution
		HideSolutionNode = FALSE
	EndGlobalSection
	GlobalSection(ProjectConfigurationPlatforms) = postSolution
		{9AEA1C02-295B-4063-A296-A809B36CD410}.Debug|Any CPU.ActiveCfg = Debug|Any CPU
		{9AEA1C02-295B-4063-A296-A809B36CD410}.Debug|Any CPU.Build.0 = Debug|Any CPU
		{9AEA1C02-295B-4063-A296-A809B36CD410}.Release|Any CPU.ActiveCfg = Release|Any CPU
		{9AEA1C02-295B-4063-A296-A809B36CD410}.Release|Any CPU.Build.0 = Release|Any CPU
		{DE7485EF-82E3-41D4-B1AC-910FC6C6CE6A}.Debug|Any CPU.ActiveCfg = Debug|Any CPU
		{DE7485EF-82E3-41D4-B1AC-910FC6C6CE6A}.Debug|Any CPU.Build.0 = Debug|Any CPU
		{DE7485EF-82E3-41D4-B1AC-910FC6C6CE6A}.Release|Any CPU.ActiveCfg = Release|Any CPU
		{DE7485EF-82E3-41D4-B1AC-910FC6C6CE6A}.Release|Any CPU.Build.0 = Release|Any CPU
		{FBE5D129-ABB2-4FB2-9B74-C815686B440B}.Debug|Any CPU.ActiveCfg = Debug|Any CPU
		{FBE5D129-ABB2-4FB2-9B74-C815686B440B}.Debug|Any CPU.Build.0 = Debug|Any CPU
		{FBE5D129-ABB2-4FB2-9B74-C815686B440B}.Release|Any CPU.ActiveCfg = Release|Any CPU
		{FBE5D129-ABB2-4FB2-9B74-C815686B440B}.Release|Any CPU.Build.0 = Release|Any CPU
		{A4010E7A-3AF2-44EC-AF80-7EAA1FF26644}.Debug|Any CPU.ActiveCfg = Debug|Any CPU
		{A4010E7A-3AF2-44EC-AF80-7EAA1FF26644}.Debug|Any CPU.Build.0 = Debug|Any CPU
		{A4010E7A-3AF2-44EC-AF80-7EAA1FF26644}.Release|Any CPU.ActiveCfg = Release|Any CPU
		{A4010E7A-3AF2-44EC-AF80-7EAA1FF26644}.Release|Any CPU.Build.0 = Release|Any CPU
		{0863D348-7C72-4E3E-AE78-9A6BEC5444B8}.Debug|Any CPU.ActiveCfg = Debug|Any CPU
		{0863D348-7C72-4E3E-AE78-9A6BEC5444B8}.Debug|Any CPU.Build.0 = Debug|Any CPU
		{0863D348-7C72-4E3E-AE78-9A6BEC5444B8}.Release|Any CPU.ActiveCfg = Release|Any CPU
		{0863D348-7C72-4E3E-AE78-9A6BEC5444B8}.Release|Any CPU.Build.0 = Release|Any CPU
		{BD1E5F9D-D7AD-448C-AD5B-41E4A9F95906}.Debug|Any CPU.ActiveCfg = Debug|Any CPU
		{BD1E5F9D-D7AD-448C-AD5B-41E4A9F95906}.Debug|Any CPU.Build.0 = Debug|Any CPU
		{BD1E5F9D-D7AD-448C-AD5B-41E4A9F95906}.Release|Any CPU.ActiveCfg = Release|Any CPU
		{BD1E5F9D-D7AD-448C-AD5B-41E4A9F95906}.Release|Any CPU.Build.0 = Release|Any CPU
		{69090A6E-A9AB-4C92-852F-44210B040552}.Debug|Any CPU.ActiveCfg = Debug|Any CPU
		{69090A6E-A9AB-4C92-852F-44210B040552}.Debug|Any CPU.Build.0 = Debug|Any CPU
		{69090A6E-A9AB-4C92-852F-44210B040552}.Release|Any CPU.ActiveCfg = Release|Any CPU
		{69090A6E-A9AB-4C92-852F-44210B040552}.Release|Any CPU.Build.0 = Release|Any CPU
		{F6C6A1EB-5080-4022-81B2-97CFBA7313B0}.Debug|Any CPU.ActiveCfg = Debug|Any CPU
		{F6C6A1EB-5080-4022-81B2-97CFBA7313B0}.Debug|Any CPU.Build.0 = Debug|Any CPU
		{F6C6A1EB-5080-4022-81B2-97CFBA7313B0}.Release|Any CPU.ActiveCfg = Release|Any CPU
		{F6C6A1EB-5080-4022-81B2-97CFBA7313B0}.Release|Any CPU.Build.0 = Release|Any CPU
		{E63D4E6A-A64B-4B6A-B8B1-B77CB599B9DF}.Debug|Any CPU.ActiveCfg = Debug|Any CPU
		{E63D4E6A-A64B-4B6A-B8B1-B77CB599B9DF}.Debug|Any CPU.Build.0 = Debug|Any CPU
		{E63D4E6A-A64B-4B6A-B8B1-B77CB599B9DF}.Release|Any CPU.ActiveCfg = Release|Any CPU
		{E63D4E6A-A64B-4B6A-B8B1-B77CB599B9DF}.Release|Any CPU.Build.0 = Release|Any CPU
		{ACF1A692-1794-49CB-86FD-E8ADB655B28E}.Debug|Any CPU.ActiveCfg = Debug|Any CPU
		{ACF1A692-1794-49CB-86FD-E8ADB655B28E}.Debug|Any CPU.Build.0 = Debug|Any CPU
		{ACF1A692-1794-49CB-86FD-E8ADB655B28E}.Release|Any CPU.ActiveCfg = Release|Any CPU
		{ACF1A692-1794-49CB-86FD-E8ADB655B28E}.Release|Any CPU.Build.0 = Release|Any CPU
	EndGlobalSection
	GlobalSection(NestedProjects) = preSolution
		{9AEA1C02-295B-4063-A296-A809B36CD410} = {46630CAE-6287-4790-A992-158609583F51}
		{DE7485EF-82E3-41D4-B1AC-910FC6C6CE6A} = {46630CAE-6287-4790-A992-158609583F51}
		{FBE5D129-ABB2-4FB2-9B74-C815686B440B} = {46630CAE-6287-4790-A992-158609583F51}
		{A4010E7A-3AF2-44EC-AF80-7EAA1FF26644} = {46630CAE-6287-4790-A992-158609583F51}
		{0863D348-7C72-4E3E-AE78-9A6BEC5444B8} = {46630CAE-6287-4790-A992-158609583F51}
		{BD1E5F9D-D7AD-448C-AD5B-41E4A9F95906} = {46630CAE-6287-4790-A992-158609583F51}
		{69090A6E-A9AB-4C92-852F-44210B040552} = {595657CF-9F92-4ADB-93CE-F271739390BF}
		{F6C6A1EB-5080-4022-81B2-97CFBA7313B0} = {595657CF-9F92-4ADB-93CE-F271739390BF}
		{E63D4E6A-A64B-4B6A-B8B1-B77CB599B9DF} = {595657CF-9F92-4ADB-93CE-F271739390BF}
		{ACF1A692-1794-49CB-86FD-E8ADB655B28E} = {595657CF-9F92-4ADB-93CE-F271739390BF}
	EndGlobalSection
EndGlobal
